
Microsoft Visual Studio Solution File, Format Version 12.00
# Visual Studio 15
VisualStudioVersion = 15.0.28307.539
MinimumVisualStudioVersion = 10.0.40219.1
Project("{8BC9CEB8-8B4A-11D0-8D11-00A0C91BC942}") = "Project1", "Project1\Project1.vcxproj", "{E5C32A7D-9D7D-4D1F-B506-F2DCCEDBFEFF}"
EndProject
Global
	GlobalSection(SolutionConfigurationPlatforms) = preSolution
		Debug|x64 = Debug|x64
		Debug|x86 = Debug|x86
		Release|x64 = Release|x64
		Release|x86 = Release|x86
	EndGlobalSection
	GlobalSection(ProjectConfigurationPlatforms) = postSolution
		{E5C32A7D-9D7D-4D1F-B506-F2DCCEDBFEFF}.Debug|x64.ActiveCfg = Debug|x64
		{E5C32A7D-9D7D-4D1F-B506-F2DCCEDBFEFF}.Debug|x64.Build.0 = Debug|x64
		{E5C32A7D-9D7D-4D1F-B506-F2DCCEDBFEFF}.Debug|x86.ActiveCfg = Debug|Win32
		{E5C32A7D-9D7D-4D1F-B506-F2DCCEDBFEFF}.Debug|x86.Build.0 = Debug|Win32
		{E5C32A7D-9D7D-4D1F-B506-F2DCCEDBFEFF}.Release|x64.ActiveCfg = Release|x64
		{E5C32A7D-9D7D-4D1F-B506-F2DCCEDBFEFF}.Release|x64.Build.0 = Release|x64
		{E5C32A7D-9D7D-4D1F-B506-F2DCCEDBFEFF}.Release|x86.ActiveCfg = Release|Win32
		{E5C32A7D-9D7D-4D1F-B506-F2DCCEDBFEFF}.Release|x86.Build.0 = Release|Win32
	EndGlobalSection
	GlobalSection(SolutionProperties) = preSolution
		HideSolutionNode = FALSE
	EndGlobalSection
	GlobalSection(ExtensibilityGlobals) = postSolution
		SolutionGuid = {AED1C6A0-D61C-400B-A2B9-2D1F4BE73732}
	EndGlobalSection
EndGlobal
